// !$*UTF8*$!
{
	archiveVersion = 1;
	classes = {
	};
	objectVersion = 46;
	objects = {

/* Begin PBXBuildFile section */
		0D5A8E5387CC8FA610CFB75B /* Pods_CognitoYourUserPoolsSample.framework in Frameworks */ = {isa = PBXBuildFile; fileRef = AB8F26771F0FF8105FC402DD /* Pods_CognitoYourUserPoolsSample.framework */; };
		17FC2F801E258FC500174015 /* AppDelegate.swift in Sources */ = {isa = PBXBuildFile; fileRef = 17FC2F7F1E258FC500174015 /* AppDelegate.swift */; };
		17FC2F851E258FC500174015 /* Main.storyboard in Resources */ = {isa = PBXBuildFile; fileRef = 17FC2F831E258FC500174015 /* Main.storyboard */; };
		17FC2F871E258FC500174015 /* Assets.xcassets in Resources */ = {isa = PBXBuildFile; fileRef = 17FC2F861E258FC500174015 /* Assets.xcassets */; };
		17FC2F8A1E258FC500174015 /* LaunchScreen.storyboard in Resources */ = {isa = PBXBuildFile; fileRef = 17FC2F881E258FC500174015 /* LaunchScreen.storyboard */; };
		17FC2F951E2590D800174015 /* MFAViewController.xib in Resources */ = {isa = PBXBuildFile; fileRef = 17FC2F941E2590D800174015 /* MFAViewController.xib */; };
		17FC2F971E25928900174015 /* MFAViewController.swift in Sources */ = {isa = PBXBuildFile; fileRef = 17FC2F961E25928900174015 /* MFAViewController.swift */; };
		17FC2F991E25940900174015 /* SignInViewController.swift in Sources */ = {isa = PBXBuildFile; fileRef = 17FC2F981E25940900174015 /* SignInViewController.swift */; };
		17FC2F9B1E259E0500174015 /* Constants.swift in Sources */ = {isa = PBXBuildFile; fileRef = 17FC2F9A1E259E0500174015 /* Constants.swift */; };
		17FC2F9D1E259E5D00174015 /* SignUpViewController.swift in Sources */ = {isa = PBXBuildFile; fileRef = 17FC2F9C1E259E5D00174015 /* SignUpViewController.swift */; };
		17FC2F9F1E259F3200174015 /* ConfirmSignUpViewController.swift in Sources */ = {isa = PBXBuildFile; fileRef = 17FC2F9E1E259F3200174015 /* ConfirmSignUpViewController.swift */; };
		17FC2FA11E25A25900174015 /* ForgotPasswordViewController.swift in Sources */ = {isa = PBXBuildFile; fileRef = 17FC2FA01E25A25900174015 /* ForgotPasswordViewController.swift */; };
		17FC2FA31E25A5D000174015 /* ConfirmForgotPasswordViewController.swift in Sources */ = {isa = PBXBuildFile; fileRef = 17FC2FA21E25A5D000174015 /* ConfirmForgotPasswordViewController.swift */; };
		17FC2FA51E25A77600174015 /* UserDetailTableViewController.swift in Sources */ = {isa = PBXBuildFile; fileRef = 17FC2FA41E25A77600174015 /* UserDetailTableViewController.swift */; };
		17FC2FA71E25A9A200174015 /* DevicesDetailTableViewController.swift in Sources */ = {isa = PBXBuildFile; fileRef = 17FC2FA61E25A9A200174015 /* DevicesDetailTableViewController.swift */; };
		1904BFBC226E3A2600FA5CE3 /* ConseaergeLogo.png in Resources */ = {isa = PBXBuildFile; fileRef = 1904BFBB226E3A2500FA5CE3 /* ConseaergeLogo.png */; };
		1904BFBE226E421F00FA5CE3 /* CheckBoxExtension.swift in Sources */ = {isa = PBXBuildFile; fileRef = 1904BFBD226E421F00FA5CE3 /* CheckBoxExtension.swift */; };
		1904BFC0226E473C00FA5CE3 /* ButtonGradientExtension.swift in Sources */ = {isa = PBXBuildFile; fileRef = 1904BFBF226E473C00FA5CE3 /* ButtonGradientExtension.swift */; };
		1904BFC2226E517300FA5CE3 /* TextFieldPaddingExtension.swift in Sources */ = {isa = PBXBuildFile; fileRef = 1904BFC1226E517300FA5CE3 /* TextFieldPaddingExtension.swift */; };
		1904BFC4226E539A00FA5CE3 /* LaunchBackground.png in Resources */ = {isa = PBXBuildFile; fileRef = 1904BFC3226E539A00FA5CE3 /* LaunchBackground.png */; };
		1904BFC6226E53EA00FA5CE3 /* ScreenBackground.png in Resources */ = {isa = PBXBuildFile; fileRef = 1904BFC5226E53EA00FA5CE3 /* ScreenBackground.png */; };
		1904BFC8226E556800FA5CE3 /* ConseaergeLogo_White.png in Resources */ = {isa = PBXBuildFile; fileRef = 1904BFC7226E556800FA5CE3 /* ConseaergeLogo_White.png */; };
		196C68BA226E38FA00A62662 /* SocialLoginExtension.swift in Sources */ = {isa = PBXBuildFile; fileRef = 196C68B9226E38FA00A62662 /* SocialLoginExtension.swift */; };
		198F0ECF22734CA6001B6E76 /* AllPackage.png in Resources */ = {isa = PBXBuildFile; fileRef = 198F0ECD22734CA6001B6E76 /* AllPackage.png */; };
		198F0ED022734CA6001B6E76 /* ParkingPackage.png in Resources */ = {isa = PBXBuildFile; fileRef = 198F0ECE22734CA6001B6E76 /* ParkingPackage.png */; };
		198F0ED4227369E4001B6E76 /* CreditCard.png in Resources */ = {isa = PBXBuildFile; fileRef = 198F0ED3227369E4001B6E76 /* CreditCard.png */; };
		19BF61B22272779E00DC32FF /* MapViewController.swift in Sources */ = {isa = PBXBuildFile; fileRef = 19BF61B12272779E00DC32FF /* MapViewController.swift */; };
		19BF61B52272D54700DC32FF /* CurrentLocation.png in Resources */ = {isa = PBXBuildFile; fileRef = 19BF61B32272D54700DC32FF /* CurrentLocation.png */; };
		19BF61B62272D54700DC32FF /* MenuAlt.png in Resources */ = {isa = PBXBuildFile; fileRef = 19BF61B42272D54700DC32FF /* MenuAlt.png */; };
		19BF61B82272D54E00DC32FF /* LocationIcon.png in Resources */ = {isa = PBXBuildFile; fileRef = 19BF61B72272D54E00DC32FF /* LocationIcon.png */; };
		19BFE8782280826000C9C567 /* SearchBarExtension.swift in Sources */ = {isa = PBXBuildFile; fileRef = 19BFE8772280826000C9C567 /* SearchBarExtension.swift */; };
		19E4ED66226FE94700B37BA3 /* BackArrow.png in Resources */ = {isa = PBXBuildFile; fileRef = 19E4ED65226FE94700B37BA3 /* BackArrow.png */; };
		19FEB6182280C22E003A56EA /* ProfilePicture.png in Resources */ = {isa = PBXBuildFile; fileRef = 19FEB6172280C22D003A56EA /* ProfilePicture.png */; };
/* End PBXBuildFile section */

/* Begin PBXFileReference section */
		17FC2F7C1E258FC500174015 /* Conseaerge.app */ = {isa = PBXFileReference; explicitFileType = wrapper.application; includeInIndex = 0; path = Conseaerge.app; sourceTree = BUILT_PRODUCTS_DIR; };
		17FC2F7F1E258FC500174015 /* AppDelegate.swift */ = {isa = PBXFileReference; lastKnownFileType = sourcecode.swift; path = AppDelegate.swift; sourceTree = "<group>"; };
		17FC2F841E258FC500174015 /* Base */ = {isa = PBXFileReference; lastKnownFileType = file.storyboard; name = Base; path = Base.lproj/Main.storyboard; sourceTree = "<group>"; };
		17FC2F861E258FC500174015 /* Assets.xcassets */ = {isa = PBXFileReference; lastKnownFileType = folder.assetcatalog; path = Assets.xcassets; sourceTree = "<group>"; };
		17FC2F891E258FC500174015 /* Base */ = {isa = PBXFileReference; lastKnownFileType = file.storyboard; name = Base; path = Base.lproj/LaunchScreen.storyboard; sourceTree = "<group>"; };
		17FC2F8B1E258FC500174015 /* Info.plist */ = {isa = PBXFileReference; lastKnownFileType = text.plist.xml; path = Info.plist; sourceTree = "<group>"; };
		17FC2F941E2590D800174015 /* MFAViewController.xib */ = {isa = PBXFileReference; fileEncoding = 4; lastKnownFileType = file.xib; path = MFAViewController.xib; sourceTree = "<group>"; };
		17FC2F961E25928900174015 /* MFAViewController.swift */ = {isa = PBXFileReference; fileEncoding = 4; lastKnownFileType = sourcecode.swift; path = MFAViewController.swift; sourceTree = "<group>"; };
		17FC2F981E25940900174015 /* SignInViewController.swift */ = {isa = PBXFileReference; fileEncoding = 4; lastKnownFileType = sourcecode.swift; path = SignInViewController.swift; sourceTree = "<group>"; };
		17FC2F9A1E259E0500174015 /* Constants.swift */ = {isa = PBXFileReference; fileEncoding = 4; lastKnownFileType = sourcecode.swift; path = Constants.swift; sourceTree = "<group>"; };
		17FC2F9C1E259E5D00174015 /* SignUpViewController.swift */ = {isa = PBXFileReference; fileEncoding = 4; lastKnownFileType = sourcecode.swift; path = SignUpViewController.swift; sourceTree = "<group>"; };
		17FC2F9E1E259F3200174015 /* ConfirmSignUpViewController.swift */ = {isa = PBXFileReference; fileEncoding = 4; lastKnownFileType = sourcecode.swift; path = ConfirmSignUpViewController.swift; sourceTree = "<group>"; };
		17FC2FA01E25A25900174015 /* ForgotPasswordViewController.swift */ = {isa = PBXFileReference; fileEncoding = 4; lastKnownFileType = sourcecode.swift; path = ForgotPasswordViewController.swift; sourceTree = "<group>"; };
		17FC2FA21E25A5D000174015 /* ConfirmForgotPasswordViewController.swift */ = {isa = PBXFileReference; fileEncoding = 4; lastKnownFileType = sourcecode.swift; path = ConfirmForgotPasswordViewController.swift; sourceTree = "<group>"; };
		17FC2FA41E25A77600174015 /* UserDetailTableViewController.swift */ = {isa = PBXFileReference; fileEncoding = 4; lastKnownFileType = sourcecode.swift; path = UserDetailTableViewController.swift; sourceTree = "<group>"; };
		17FC2FA61E25A9A200174015 /* DevicesDetailTableViewController.swift */ = {isa = PBXFileReference; fileEncoding = 4; lastKnownFileType = sourcecode.swift; path = DevicesDetailTableViewController.swift; sourceTree = "<group>"; };
		1904BFBB226E3A2500FA5CE3 /* ConseaergeLogo.png */ = {isa = PBXFileReference; lastKnownFileType = image.png; name = ConseaergeLogo.png; path = Images/ConseaergeLogo.png; sourceTree = "<group>"; };
		1904BFBD226E421F00FA5CE3 /* CheckBoxExtension.swift */ = {isa = PBXFileReference; lastKnownFileType = sourcecode.swift; path = CheckBoxExtension.swift; sourceTree = "<group>"; };
		1904BFBF226E473C00FA5CE3 /* ButtonGradientExtension.swift */ = {isa = PBXFileReference; lastKnownFileType = sourcecode.swift; path = ButtonGradientExtension.swift; sourceTree = "<group>"; };
		1904BFC1226E517300FA5CE3 /* TextFieldPaddingExtension.swift */ = {isa = PBXFileReference; lastKnownFileType = sourcecode.swift; path = TextFieldPaddingExtension.swift; sourceTree = "<group>"; };
		1904BFC3226E539A00FA5CE3 /* LaunchBackground.png */ = {isa = PBXFileReference; lastKnownFileType = image.png; name = LaunchBackground.png; path = Images/LaunchBackground.png; sourceTree = "<group>"; };
		1904BFC5226E53EA00FA5CE3 /* ScreenBackground.png */ = {isa = PBXFileReference; lastKnownFileType = image.png; name = ScreenBackground.png; path = Images/ScreenBackground.png; sourceTree = "<group>"; };
		1904BFC7226E556800FA5CE3 /* ConseaergeLogo_White.png */ = {isa = PBXFileReference; lastKnownFileType = image.png; name = ConseaergeLogo_White.png; path = Images/ConseaergeLogo_White.png; sourceTree = "<group>"; };
		196C68B9226E38FA00A62662 /* SocialLoginExtension.swift */ = {isa = PBXFileReference; lastKnownFileType = sourcecode.swift; path = SocialLoginExtension.swift; sourceTree = "<group>"; };
		198F0ECD22734CA6001B6E76 /* AllPackage.png */ = {isa = PBXFileReference; lastKnownFileType = image.png; name = AllPackage.png; path = Images/AllPackage.png; sourceTree = "<group>"; };
		198F0ECE22734CA6001B6E76 /* ParkingPackage.png */ = {isa = PBXFileReference; lastKnownFileType = image.png; name = ParkingPackage.png; path = Images/ParkingPackage.png; sourceTree = "<group>"; };
		198F0ED3227369E4001B6E76 /* CreditCard.png */ = {isa = PBXFileReference; lastKnownFileType = image.png; name = CreditCard.png; path = Images/CreditCard.png; sourceTree = "<group>"; };
		19BF61B12272779E00DC32FF /* MapViewController.swift */ = {isa = PBXFileReference; lastKnownFileType = sourcecode.swift; path = MapViewController.swift; sourceTree = "<group>"; };
		19BF61B32272D54700DC32FF /* CurrentLocation.png */ = {isa = PBXFileReference; lastKnownFileType = image.png; name = CurrentLocation.png; path = Images/CurrentLocation.png; sourceTree = "<group>"; };
		19BF61B42272D54700DC32FF /* MenuAlt.png */ = {isa = PBXFileReference; lastKnownFileType = image.png; name = MenuAlt.png; path = Images/MenuAlt.png; sourceTree = "<group>"; };
		19BF61B72272D54E00DC32FF /* LocationIcon.png */ = {isa = PBXFileReference; lastKnownFileType = image.png; name = LocationIcon.png; path = Images/LocationIcon.png; sourceTree = "<group>"; };
		19BFE8772280826000C9C567 /* SearchBarExtension.swift */ = {isa = PBXFileReference; lastKnownFileType = sourcecode.swift; path = SearchBarExtension.swift; sourceTree = "<group>"; };
		19E4ED65226FE94700B37BA3 /* BackArrow.png */ = {isa = PBXFileReference; lastKnownFileType = image.png; name = BackArrow.png; path = Images/BackArrow.png; sourceTree = "<group>"; };
		19FEB6172280C22D003A56EA /* ProfilePicture.png */ = {isa = PBXFileReference; lastKnownFileType = image.png; name = ProfilePicture.png; path = Images/ProfilePicture.png; sourceTree = "<group>"; };
		2D8C9B52DE415302BA7B152A /* Pods-CognitoYourUserPoolsSample.release.xcconfig */ = {isa = PBXFileReference; includeInIndex = 1; lastKnownFileType = text.xcconfig; name = "Pods-CognitoYourUserPoolsSample.release.xcconfig"; path = "Pods/Target Support Files/Pods-CognitoYourUserPoolsSample/Pods-CognitoYourUserPoolsSample.release.xcconfig"; sourceTree = "<group>"; };
		AB8F26771F0FF8105FC402DD /* Pods_CognitoYourUserPoolsSample.framework */ = {isa = PBXFileReference; explicitFileType = wrapper.framework; includeInIndex = 0; path = Pods_CognitoYourUserPoolsSample.framework; sourceTree = BUILT_PRODUCTS_DIR; };
		DBEB9BB4F88788184F7DD583 /* Pods-CognitoYourUserPoolsSample.debug.xcconfig */ = {isa = PBXFileReference; includeInIndex = 1; lastKnownFileType = text.xcconfig; name = "Pods-CognitoYourUserPoolsSample.debug.xcconfig"; path = "Pods/Target Support Files/Pods-CognitoYourUserPoolsSample/Pods-CognitoYourUserPoolsSample.debug.xcconfig"; sourceTree = "<group>"; };
/* End PBXFileReference section */

/* Begin PBXFrameworksBuildPhase section */
		17FC2F791E258FC500174015 /* Frameworks */ = {
			isa = PBXFrameworksBuildPhase;
			buildActionMask = 2147483647;
			files = (
				0D5A8E5387CC8FA610CFB75B /* Pods_CognitoYourUserPoolsSample.framework in Frameworks */,
			);
			runOnlyForDeploymentPostprocessing = 0;
		};
/* End PBXFrameworksBuildPhase section */

/* Begin PBXGroup section */
		17FC2F731E258FC500174015 = {
			isa = PBXGroup;
			children = (
				17FC2F7E1E258FC500174015 /* CognitoYourUserPoolsSample */,
				17FC2F7D1E258FC500174015 /* Products */,
				DB539DB17300E4375A37CCA6 /* Pods */,
				2B50A37AC16AACF9427C4F0F /* Frameworks */,
			);
			sourceTree = "<group>";
		};
		17FC2F7D1E258FC500174015 /* Products */ = {
			isa = PBXGroup;
			children = (
				17FC2F7C1E258FC500174015 /* Conseaerge.app */,
			);
			name = Products;
			sourceTree = "<group>";
		};
		17FC2F7E1E258FC500174015 /* CognitoYourUserPoolsSample */ = {
			isa = PBXGroup;
			children = (
				17FC2F941E2590D800174015 /* MFAViewController.xib */,
				17FC2F7F1E258FC500174015 /* AppDelegate.swift */,
				17FC2F9A1E259E0500174015 /* Constants.swift */,
				17FC2F831E258FC500174015 /* Main.storyboard */,
				19BFE8772280826000C9C567 /* SearchBarExtension.swift */,
				1904BFC1226E517300FA5CE3 /* TextFieldPaddingExtension.swift */,
				196C68B9226E38FA00A62662 /* SocialLoginExtension.swift */,
				1904BFBD226E421F00FA5CE3 /* CheckBoxExtension.swift */,
				1904BFBF226E473C00FA5CE3 /* ButtonGradientExtension.swift */,
				17FC2F861E258FC500174015 /* Assets.xcassets */,
				17FC2F881E258FC500174015 /* LaunchScreen.storyboard */,
				17FC2F8B1E258FC500174015 /* Info.plist */,
				17FC2F931E25909300174015 /* Supporting Files */,
				17FC2F961E25928900174015 /* MFAViewController.swift */,
				17FC2F981E25940900174015 /* SignInViewController.swift */,
				17FC2F9C1E259E5D00174015 /* SignUpViewController.swift */,
				17FC2F9E1E259F3200174015 /* ConfirmSignUpViewController.swift */,
				17FC2FA01E25A25900174015 /* ForgotPasswordViewController.swift */,
				17FC2FA21E25A5D000174015 /* ConfirmForgotPasswordViewController.swift */,
				19BF61B12272779E00DC32FF /* MapViewController.swift */,
				17FC2FA41E25A77600174015 /* UserDetailTableViewController.swift */,
				17FC2FA61E25A9A200174015 /* DevicesDetailTableViewController.swift */,
			);
			path = CognitoYourUserPoolsSample;
			sourceTree = "<group>";
		};
		17FC2F931E25909300174015 /* Supporting Files */ = {
			isa = PBXGroup;
			children = (
				19FEB6172280C22D003A56EA /* ProfilePicture.png */,
				198F0ED3227369E4001B6E76 /* CreditCard.png */,
				198F0ECD22734CA6001B6E76 /* AllPackage.png */,
				198F0ECE22734CA6001B6E76 /* ParkingPackage.png */,
				19BF61B72272D54E00DC32FF /* LocationIcon.png */,
				19BF61B32272D54700DC32FF /* CurrentLocation.png */,
				19BF61B42272D54700DC32FF /* MenuAlt.png */,
				19E4ED65226FE94700B37BA3 /* BackArrow.png */,
				1904BFBB226E3A2500FA5CE3 /* ConseaergeLogo.png */,
				1904BFC7226E556800FA5CE3 /* ConseaergeLogo_White.png */,
				1904BFC3226E539A00FA5CE3 /* LaunchBackground.png */,
				1904BFC5226E53EA00FA5CE3 /* ScreenBackground.png */,
			);
			name = "Supporting Files";
			sourceTree = "<group>";
		};
		2B50A37AC16AACF9427C4F0F /* Frameworks */ = {
			isa = PBXGroup;
			children = (
				AB8F26771F0FF8105FC402DD /* Pods_CognitoYourUserPoolsSample.framework */,
			);
			name = Frameworks;
			sourceTree = "<group>";
		};
		DB539DB17300E4375A37CCA6 /* Pods */ = {
			isa = PBXGroup;
			children = (
				DBEB9BB4F88788184F7DD583 /* Pods-CognitoYourUserPoolsSample.debug.xcconfig */,
				2D8C9B52DE415302BA7B152A /* Pods-CognitoYourUserPoolsSample.release.xcconfig */,
			);
			name = Pods;
			sourceTree = "<group>";
		};
/* End PBXGroup section */

/* Begin PBXNativeTarget section */
		17FC2F7B1E258FC500174015 /* Conseaerge */ = {
			isa = PBXNativeTarget;
			buildConfigurationList = 17FC2F8E1E258FC500174015 /* Build configuration list for PBXNativeTarget "Conseaerge" */;
			buildPhases = (
				2A6F4D1C912A849202344013 /* [CP] Check Pods Manifest.lock */,
				17FC2F781E258FC500174015 /* Sources */,
				17FC2F791E258FC500174015 /* Frameworks */,
				17FC2F7A1E258FC500174015 /* Resources */,
				E3AE3BC58D3D91C5DAC696FA /* [CP] Embed Pods Frameworks */,
			);
			buildRules = (
			);
			dependencies = (
			);
			name = Conseaerge;
			productName = CognitoYourUserPoolsSample;
			productReference = 17FC2F7C1E258FC500174015 /* Conseaerge.app */;
			productType = "com.apple.product-type.application";
		};
/* End PBXNativeTarget section */

/* Begin PBXProject section */
		17FC2F741E258FC500174015 /* Project object */ = {
			isa = PBXProject;
			attributes = {
				LastSwiftUpdateCheck = 0730;
				LastUpgradeCheck = 0820;
				ORGANIZATIONNAME = "Dubal, Rohan";
				TargetAttributes = {
					17FC2F7B1E258FC500174015 = {
						CreatedOnToolsVersion = 7.3.1;
						DevelopmentTeam = UASA67DP7W;
						LastSwiftMigration = 0820;
					};
				};
			};
			buildConfigurationList = 17FC2F771E258FC500174015 /* Build configuration list for PBXProject "Conseaerge" */;
			compatibilityVersion = "Xcode 3.2";
			developmentRegion = English;
			hasScannedForEncodings = 0;
			knownRegions = (
				en,
				Base,
			);
			mainGroup = 17FC2F731E258FC500174015;
			productRefGroup = 17FC2F7D1E258FC500174015 /* Products */;
			projectDirPath = "";
			projectRoot = "";
			targets = (
				17FC2F7B1E258FC500174015 /* Conseaerge */,
			);
		};
/* End PBXProject section */

/* Begin PBXResourcesBuildPhase section */
		17FC2F7A1E258FC500174015 /* Resources */ = {
			isa = PBXResourcesBuildPhase;
			buildActionMask = 2147483647;
			files = (
				198F0ECF22734CA6001B6E76 /* AllPackage.png in Resources */,
				1904BFC8226E556800FA5CE3 /* ConseaergeLogo_White.png in Resources */,
				19FEB6182280C22E003A56EA /* ProfilePicture.png in Resources */,
				1904BFC6226E53EA00FA5CE3 /* ScreenBackground.png in Resources */,
				19E4ED66226FE94700B37BA3 /* BackArrow.png in Resources */,
				17FC2F8A1E258FC500174015 /* LaunchScreen.storyboard in Resources */,
				1904BFC4226E539A00FA5CE3 /* LaunchBackground.png in Resources */,
				19BF61B82272D54E00DC32FF /* LocationIcon.png in Resources */,
				17FC2F871E258FC500174015 /* Assets.xcassets in Resources */,
				19BF61B52272D54700DC32FF /* CurrentLocation.png in Resources */,
				19BF61B62272D54700DC32FF /* MenuAlt.png in Resources */,
				17FC2F851E258FC500174015 /* Main.storyboard in Resources */,
				198F0ED4227369E4001B6E76 /* CreditCard.png in Resources */,
				1904BFBC226E3A2600FA5CE3 /* ConseaergeLogo.png in Resources */,
				17FC2F951E2590D800174015 /* MFAViewController.xib in Resources */,
				198F0ED022734CA6001B6E76 /* ParkingPackage.png in Resources */,
			);
			runOnlyForDeploymentPostprocessing = 0;
		};
/* End PBXResourcesBuildPhase section */

/* Begin PBXShellScriptBuildPhase section */
		2A6F4D1C912A849202344013 /* [CP] Check Pods Manifest.lock */ = {
			isa = PBXShellScriptBuildPhase;
			buildActionMask = 2147483647;
			files = (
			);
			inputPaths = (
				"${PODS_PODFILE_DIR_PATH}/Podfile.lock",
				"${PODS_ROOT}/Manifest.lock",
			);
			name = "[CP] Check Pods Manifest.lock";
			outputPaths = (
				"$(DERIVED_FILE_DIR)/Pods-CognitoYourUserPoolsSample-checkManifestLockResult.txt",
			);
			runOnlyForDeploymentPostprocessing = 0;
			shellPath = /bin/sh;
			shellScript = "diff \"${PODS_PODFILE_DIR_PATH}/Podfile.lock\" \"${PODS_ROOT}/Manifest.lock\" > /dev/null\nif [ $? != 0 ] ; then\n    # print error to STDERR\n    echo \"error: The sandbox is not in sync with the Podfile.lock. Run 'pod install' or update your CocoaPods installation.\" >&2\n    exit 1\nfi\n# This output is used by Xcode 'outputs' to avoid re-running this script phase.\necho \"SUCCESS\" > \"${SCRIPT_OUTPUT_FILE_0}\"\n";
			showEnvVarsInLog = 0;
		};
		E3AE3BC58D3D91C5DAC696FA /* [CP] Embed Pods Frameworks */ = {
			isa = PBXShellScriptBuildPhase;
			buildActionMask = 2147483647;
			files = (
			);
			inputPaths = (
				"${PODS_ROOT}/Target Support Files/Pods-CognitoYourUserPoolsSample/Pods-CognitoYourUserPoolsSample-frameworks.sh",
				"${BUILT_PRODUCTS_DIR}/AWSCognitoIdentityProvider/AWSCognitoIdentityProvider.framework",
				"${BUILT_PRODUCTS_DIR}/AWSCognitoIdentityProviderASF/AWSCognitoIdentityProviderASF.framework",
				"${BUILT_PRODUCTS_DIR}/AWSCore/AWSCore.framework",
			);
			name = "[CP] Embed Pods Frameworks";
			outputPaths = (
				"${TARGET_BUILD_DIR}/${FRAMEWORKS_FOLDER_PATH}/AWSCognitoIdentityProvider.framework",
				"${TARGET_BUILD_DIR}/${FRAMEWORKS_FOLDER_PATH}/AWSCognitoIdentityProviderASF.framework",
				"${TARGET_BUILD_DIR}/${FRAMEWORKS_FOLDER_PATH}/AWSCore.framework",
			);
			runOnlyForDeploymentPostprocessing = 0;
			shellPath = /bin/sh;
			shellScript = "\"${PODS_ROOT}/Target Support Files/Pods-CognitoYourUserPoolsSample/Pods-CognitoYourUserPoolsSample-frameworks.sh\"\n";
			showEnvVarsInLog = 0;
		};
/* End PBXShellScriptBuildPhase section */

/* Begin PBXSourcesBuildPhase section */
		17FC2F781E258FC500174015 /* Sources */ = {
			isa = PBXSourcesBuildPhase;
			buildActionMask = 2147483647;
			files = (
				17FC2FA31E25A5D000174015 /* ConfirmForgotPasswordViewController.swift in Sources */,
				1904BFC0226E473C00FA5CE3 /* ButtonGradientExtension.swift in Sources */,
				17FC2FA11E25A25900174015 /* ForgotPasswordViewController.swift in Sources */,
				17FC2F9D1E259E5D00174015 /* SignUpViewController.swift in Sources */,
				196C68BA226E38FA00A62662 /* SocialLoginExtension.swift in Sources */,
				1904BFC2226E517300FA5CE3 /* TextFieldPaddingExtension.swift in Sources */,
				17FC2F9F1E259F3200174015 /* ConfirmSignUpViewController.swift in Sources */,
				17FC2F9B1E259E0500174015 /* Constants.swift in Sources */,
				1904BFBE226E421F00FA5CE3 /* CheckBoxExtension.swift in Sources */,
				17FC2F991E25940900174015 /* SignInViewController.swift in Sources */,
				17FC2F971E25928900174015 /* MFAViewController.swift in Sources */,
				19BFE8782280826000C9C567 /* SearchBarExtension.swift in Sources */,
				17FC2FA71E25A9A200174015 /* DevicesDetailTableViewController.swift in Sources */,
				17FC2F801E258FC500174015 /* AppDelegate.swift in Sources */,
				19BF61B22272779E00DC32FF /* MapViewController.swift in Sources */,
				17FC2FA51E25A77600174015 /* UserDetailTableViewController.swift in Sources */,
			);
			runOnlyForDeploymentPostprocessing = 0;
		};
/* End PBXSourcesBuildPhase section */

/* Begin PBXVariantGroup section */
		17FC2F831E258FC500174015 /* Main.storyboard */ = {
			isa = PBXVariantGroup;
			children = (
				17FC2F841E258FC500174015 /* Base */,
			);
			name = Main.storyboard;
			sourceTree = "<group>";
		};
		17FC2F881E258FC500174015 /* LaunchScreen.storyboard */ = {
			isa = PBXVariantGroup;
			children = (
				17FC2F891E258FC500174015 /* Base */,
			);
			name = LaunchScreen.storyboard;
			sourceTree = "<group>";
		};
/* End PBXVariantGroup section */

/* Begin XCBuildConfiguration section */
		17FC2F8C1E258FC500174015 /* Debug */ = {
			isa = XCBuildConfiguration;
			buildSettings = {
				ALWAYS_SEARCH_USER_PATHS = NO;
				CLANG_ANALYZER_NONNULL = YES;
				CLANG_CXX_LANGUAGE_STANDARD = "gnu++0x";
				CLANG_CXX_LIBRARY = "libc++";
				CLANG_ENABLE_MODULES = YES;
				CLANG_ENABLE_OBJC_ARC = YES;
				CLANG_WARN_BOOL_CONVERSION = YES;
				CLANG_WARN_CONSTANT_CONVERSION = YES;
				CLANG_WARN_DIRECT_OBJC_ISA_USAGE = YES_ERROR;
				CLANG_WARN_EMPTY_BODY = YES;
				CLANG_WARN_ENUM_CONVERSION = YES;
				CLANG_WARN_INFINITE_RECURSION = YES;
				CLANG_WARN_INT_CONVERSION = YES;
				CLANG_WARN_OBJC_ROOT_CLASS = YES_ERROR;
				CLANG_WARN_SUSPICIOUS_MOVE = YES;
				CLANG_WARN_UNREACHABLE_CODE = YES;
				CLANG_WARN__DUPLICATE_METHOD_MATCH = YES;
				"CODE_SIGN_IDENTITY[sdk=iphoneos*]" = "iPhone Developer";
				COPY_PHASE_STRIP = NO;
				DEBUG_INFORMATION_FORMAT = dwarf;
				ENABLE_STRICT_OBJC_MSGSEND = YES;
				ENABLE_TESTABILITY = YES;
				GCC_C_LANGUAGE_STANDARD = gnu99;
				GCC_DYNAMIC_NO_PIC = NO;
				GCC_NO_COMMON_BLOCKS = YES;
				GCC_OPTIMIZATION_LEVEL = 0;
				GCC_PREPROCESSOR_DEFINITIONS = (
					"DEBUG=1",
					"$(inherited)",
				);
				GCC_WARN_64_TO_32_BIT_CONVERSION = YES;
				GCC_WARN_ABOUT_RETURN_TYPE = YES_ERROR;
				GCC_WARN_UNDECLARED_SELECTOR = YES;
				GCC_WARN_UNINITIALIZED_AUTOS = YES_AGGRESSIVE;
				GCC_WARN_UNUSED_FUNCTION = YES;
				GCC_WARN_UNUSED_VARIABLE = YES;
				IPHONEOS_DEPLOYMENT_TARGET = 9.3;
				MTL_ENABLE_DEBUG_INFO = YES;
				ONLY_ACTIVE_ARCH = YES;
				SDKROOT = iphoneos;
				SWIFT_OPTIMIZATION_LEVEL = "-Onone";
				TARGETED_DEVICE_FAMILY = "1,2";
			};
			name = Debug;
		};
		17FC2F8D1E258FC500174015 /* Release */ = {
			isa = XCBuildConfiguration;
			buildSettings = {
				ALWAYS_SEARCH_USER_PATHS = NO;
				CLANG_ANALYZER_NONNULL = YES;
				CLANG_CXX_LANGUAGE_STANDARD = "gnu++0x";
				CLANG_CXX_LIBRARY = "libc++";
				CLANG_ENABLE_MODULES = YES;
				CLANG_ENABLE_OBJC_ARC = YES;
				CLANG_WARN_BOOL_CONVERSION = YES;
				CLANG_WARN_CONSTANT_CONVERSION = YES;
				CLANG_WARN_DIRECT_OBJC_ISA_USAGE = YES_ERROR;
				CLANG_WARN_EMPTY_BODY = YES;
				CLANG_WARN_ENUM_CONVERSION = YES;
				CLANG_WARN_INFINITE_RECURSION = YES;
				CLANG_WARN_INT_CONVERSION = YES;
				CLANG_WARN_OBJC_ROOT_CLASS = YES_ERROR;
				CLANG_WARN_SUSPICIOUS_MOVE = YES;
				CLANG_WARN_UNREACHABLE_CODE = YES;
				CLANG_WARN__DUPLICATE_METHOD_MATCH = YES;
				"CODE_SIGN_IDENTITY[sdk=iphoneos*]" = "iPhone Developer";
				COPY_PHASE_STRIP = NO;
				DEBUG_INFORMATION_FORMAT = "dwarf-with-dsym";
				ENABLE_NS_ASSERTIONS = NO;
				ENABLE_STRICT_OBJC_MSGSEND = YES;
				GCC_C_LANGUAGE_STANDARD = gnu99;
				GCC_NO_COMMON_BLOCKS = YES;
				GCC_WARN_64_TO_32_BIT_CONVERSION = YES;
				GCC_WARN_ABOUT_RETURN_TYPE = YES_ERROR;
				GCC_WARN_UNDECLARED_SELECTOR = YES;
				GCC_WARN_UNINITIALIZED_AUTOS = YES_AGGRESSIVE;
				GCC_WARN_UNUSED_FUNCTION = YES;
				GCC_WARN_UNUSED_VARIABLE = YES;
				IPHONEOS_DEPLOYMENT_TARGET = 9.3;
				MTL_ENABLE_DEBUG_INFO = NO;
				SDKROOT = iphoneos;
				SWIFT_OPTIMIZATION_LEVEL = "-Owholemodule";
				TARGETED_DEVICE_FAMILY = "1,2";
				VALIDATE_PRODUCT = YES;
			};
			name = Release;
		};
		17FC2F8F1E258FC500174015 /* Debug */ = {
			isa = XCBuildConfiguration;
			baseConfigurationReference = DBEB9BB4F88788184F7DD583 /* Pods-CognitoYourUserPoolsSample.debug.xcconfig */;
			buildSettings = {
				ASSETCATALOG_COMPILER_APPICON_NAME = AppIcon;
				DEVELOPMENT_TEAM = UASA67DP7W;
				INFOPLIST_FILE = CognitoYourUserPoolsSample/Info.plist;
				IPHONEOS_DEPLOYMENT_TARGET = 10.0;
				LD_RUNPATH_SEARCH_PATHS = "$(inherited) @executable_path/Frameworks";
				PRODUCT_BUNDLE_IDENTIFIER = com.amazonaws.Conseaerge;
				PRODUCT_NAME = "$(TARGET_NAME)";
				SWIFT_VERSION = 4.2;
				TARGETED_DEVICE_FAMILY = 1;
			};
			name = Debug;
		};
		17FC2F901E258FC500174015 /* Release */ = {
			isa = XCBuildConfiguration;
			baseConfigurationReference = 2D8C9B52DE415302BA7B152A /* Pods-CognitoYourUserPoolsSample.release.xcconfig */;
			buildSettings = {
				ASSETCATALOG_COMPILER_APPICON_NAME = AppIcon;
				DEVELOPMENT_TEAM = UASA67DP7W;
				INFOPLIST_FILE = CognitoYourUserPoolsSample/Info.plist;
				IPHONEOS_DEPLOYMENT_TARGET = 10.0;
				LD_RUNPATH_SEARCH_PATHS = "$(inherited) @executable_path/Frameworks";
				PRODUCT_BUNDLE_IDENTIFIER = com.amazonaws.Conseaerge;
				PRODUCT_NAME = "$(TARGET_NAME)";
				SWIFT_VERSION = 4.2;
				TARGETED_DEVICE_FAMILY = 1;
			};
			name = Release;
		};
/* End XCBuildConfiguration section */

/* Begin XCConfigurationList section */
		17FC2F771E258FC500174015 /* Build configuration list for PBXProject "Conseaerge" */ = {
			isa = XCConfigurationList;
			buildConfigurations = (
				17FC2F8C1E258FC500174015 /* Debug */,
				17FC2F8D1E258FC500174015 /* Release */,
			);
			defaultConfigurationIsVisible = 0;
			defaultConfigurationName = Release;
		};
		17FC2F8E1E258FC500174015 /* Build configuration list for PBXNativeTarget "Conseaerge" */ = {
			isa = XCConfigurationList;
			buildConfigurations = (
				17FC2F8F1E258FC500174015 /* Debug */,
				17FC2F901E258FC500174015 /* Release */,
			);
			defaultConfigurationIsVisible = 0;
			defaultConfigurationName = Release;
		};
/* End XCConfigurationList section */
	};
	rootObject = 17FC2F741E258FC500174015 /* Project object */;
}
